
Microsoft Visual Studio Solution File, Format Version 10.00
# Visual Studio 2008
Project("{FAE04EC0-301F-11D3-BF4B-00C04F79EFBC}") = "DotRas", "DotRas\DotRas.csproj", "{09EB2D48-2A3B-4AA7-BDC5-908E103B1E13}"
EndProject
Project("{2150E333-8FDC-42A3-9474-1A3956D46DE8}") = "Solution Items", "Solution Items", "{5CE5E054-545E-4A17-8A8A-8C56B377022F}"
	ProjectSection(SolutionItems) = preProject
		DotRas.vsmdi = DotRas.vsmdi
		LocalTestRun.testrunconfig = LocalTestRun.testrunconfig
		..\..\make.bat = ..\..\make.bat
	EndProjectSection
EndProject
Project("{FAE04EC0-301F-11D3-BF4B-00C04F79EFBC}") = "DotRas.Tests", "DotRas.Tests\DotRas.Tests.csproj", "{6532C6B6-BA59-4F5E-AE65-844C2E841BBB}"
EndProject
Global
	GlobalSection(TeamFoundationVersionControl) = preSolution
		SccNumberOfProjects = 3
		SccEnterpriseProvider = {4CA58AB2-18FA-4F8D-95D4-32DDF27D184C}
		SccTeamFoundationServer = https://tfs04.codeplex.com/
		SccLocalPath0 = .
		SccProjectUniqueName1 = DotRas\\DotRas.csproj
		SccProjectName1 = DotRas
		SccLocalPath1 = DotRas
		SccProjectUniqueName2 = DotRas.Tests\\DotRas.Tests.csproj
		SccProjectName2 = DotRas.Tests
		SccLocalPath2 = DotRas.Tests
	EndGlobalSection
	GlobalSection(TestCaseManagementSettings) = postSolution
		CategoryFile = DotRas.vsmdi
	EndGlobalSection
	GlobalSection(SolutionConfigurationPlatforms) = preSolution
		Debug|Any CPU = Debug|Any CPU
		Debug|Mixed Platforms = Debug|Mixed Platforms
		Debug|x86 = Debug|x86
		Release|Any CPU = Release|Any CPU
		Release|Mixed Platforms = Release|Mixed Platforms
		Release|x86 = Release|x86
		Staging|Any CPU = Staging|Any CPU
		Staging|Mixed Platforms = Staging|Mixed Platforms
		Staging|x86 = Staging|x86
	EndGlobalSection
	GlobalSection(ProjectConfigurationPlatforms) = postSolution
		{09EB2D48-2A3B-4AA7-BDC5-908E103B1E13}.Debug|Any CPU.ActiveCfg = Debug|Any CPU
		{09EB2D48-2A3B-4AA7-BDC5-908E103B1E13}.Debug|Any CPU.Build.0 = Debug|Any CPU
		{09EB2D48-2A3B-4AA7-BDC5-908E103B1E13}.Debug|Mixed Platforms.ActiveCfg = Debug|Any CPU
		{09EB2D48-2A3B-4AA7-BDC5-908E103B1E13}.Debug|Mixed Platforms.Build.0 = Debug|Any CPU
		{09EB2D48-2A3B-4AA7-BDC5-908E103B1E13}.Debug|x86.ActiveCfg = Debug|Any CPU
		{09EB2D48-2A3B-4AA7-BDC5-908E103B1E13}.Release|Any CPU.ActiveCfg = Release|Any CPU
		{09EB2D48-2A3B-4AA7-BDC5-908E103B1E13}.Release|Any CPU.Build.0 = Release|Any CPU
		{09EB2D48-2A3B-4AA7-BDC5-908E103B1E13}.Release|Mixed Platforms.ActiveCfg = Release|Any CPU
		{09EB2D48-2A3B-4AA7-BDC5-908E103B1E13}.Release|Mixed Platforms.Build.0 = Release|Any CPU
		{09EB2D48-2A3B-4AA7-BDC5-908E103B1E13}.Release|x86.ActiveCfg = Release|Any CPU
		{09EB2D48-2A3B-4AA7-BDC5-908E103B1E13}.Staging|Any CPU.ActiveCfg = Staging|Any CPU
		{09EB2D48-2A3B-4AA7-BDC5-908E103B1E13}.Staging|Any CPU.Build.0 = Staging|Any CPU
		{09EB2D48-2A3B-4AA7-BDC5-908E103B1E13}.Staging|Mixed Platforms.ActiveCfg = Staging|Any CPU
		{09EB2D48-2A3B-4AA7-BDC5-908E103B1E13}.Staging|Mixed Platforms.Build.0 = Staging|Any CPU
		{09EB2D48-2A3B-4AA7-BDC5-908E103B1E13}.Staging|x86.ActiveCfg = Staging|Any CPU
		{6532C6B6-BA59-4F5E-AE65-844C2E841BBB}.Debug|Any CPU.ActiveCfg = Debug|Any CPU
		{6532C6B6-BA59-4F5E-AE65-844C2E841BBB}.Debug|Any CPU.Build.0 = Debug|Any CPU
		{6532C6B6-BA59-4F5E-AE65-844C2E841BBB}.Debug|Mixed Platforms.ActiveCfg = Debug|Any CPU
		{6532C6B6-BA59-4F5E-AE65-844C2E841BBB}.Debug|Mixed Platforms.Build.0 = Debug|Any CPU
		{6532C6B6-BA59-4F5E-AE65-844C2E841BBB}.Debug|x86.ActiveCfg = Debug|Any CPU
		{6532C6B6-BA59-4F5E-AE65-844C2E841BBB}.Release|Any CPU.ActiveCfg = Release|Any CPU
		{6532C6B6-BA59-4F5E-AE65-844C2E841BBB}.Release|Mixed Platforms.ActiveCfg = Release|Any CPU
		{6532C6B6-BA59-4F5E-AE65-844C2E841BBB}.Release|x86.ActiveCfg = Release|Any CPU
		{6532C6B6-BA59-4F5E-AE65-844C2E841BBB}.Staging|Any CPU.ActiveCfg = Staging|Any CPU
		{6532C6B6-BA59-4F5E-AE65-844C2E841BBB}.Staging|Any CPU.Build.0 = Staging|Any CPU
		{6532C6B6-BA59-4F5E-AE65-844C2E841BBB}.Staging|Mixed Platforms.ActiveCfg = Staging|Any CPU
		{6532C6B6-BA59-4F5E-AE65-844C2E841BBB}.Staging|Mixed Platforms.Build.0 = Staging|Any CPU
		{6532C6B6-BA59-4F5E-AE65-844C2E841BBB}.Staging|x86.ActiveCfg = Staging|Any CPU
	EndGlobalSection
	GlobalSection(SolutionProperties) = preSolution
		HideSolutionNode = FALSE
	EndGlobalSection
EndGlobal
